
Microsoft Visual Studio Solution File, Format Version 12.00
# Visual Studio Version 17
VisualStudioVersion = 17.0.31903.59
MinimumVisualStudioVersion = 10.0.40219.1
Project("{FAE04EC0-301F-11D3-BF4B-00C04F79EFBC}") = "II.ConsoleApp", "II.ConsoleApp\II.ConsoleApp.csproj", "{386C2EC1-C1E0-465E-B889-75DDB1C9CDE2}"
EndProject
Project("{FAE04EC0-301F-11D3-BF4B-00C04F79EFBC}") = "II.Library", "II.Library\II.Library.csproj", "{1A8F298B-E1BE-456C-8CD5-E316643A58F0}"
EndProject
Global
	GlobalSection(SolutionConfigurationPlatforms) = preSolution
		Debug|Any CPU = Debug|Any CPU
		Release|Any CPU = Release|Any CPU
	EndGlobalSection
	GlobalSection(SolutionProperties) = preSolution
		HideSolutionNode = FALSE
	EndGlobalSection
	GlobalSection(ProjectConfigurationPlatforms) = postSolution
		{386C2EC1-C1E0-465E-B889-75DDB1C9CDE2}.Debug|Any CPU.ActiveCfg = Debug|Any CPU
		{386C2EC1-C1E0-465E-B889-75DDB1C9CDE2}.Debug|Any CPU.Build.0 = Debug|Any CPU
		{386C2EC1-C1E0-465E-B889-75DDB1C9CDE2}.Release|Any CPU.ActiveCfg = Release|Any CPU
		{386C2EC1-C1E0-465E-B889-75DDB1C9CDE2}.Release|Any CPU.Build.0 = Release|Any CPU
		{1A8F298B-E1BE-456C-8CD5-E316643A58F0}.Debug|Any CPU.ActiveCfg = Debug|Any CPU
		{1A8F298B-E1BE-456C-8CD5-E316643A58F0}.Debug|Any CPU.Build.0 = Debug|Any CPU
		{1A8F298B-E1BE-456C-8CD5-E316643A58F0}.Release|Any CPU.ActiveCfg = Release|Any CPU
		{1A8F298B-E1BE-456C-8CD5-E316643A58F0}.Release|Any CPU.Build.0 = Release|Any CPU
	EndGlobalSection
EndGlobal
